
Microsoft Visual Studio Solution File, Format Version 12.00
# Visual Studio 2015
Project("{FAE04EC0-301F-11D3-BF4B-00C04F79EFBC}") = "Survival Shooter.CSharp", "Survival Shooter.CSharp.csproj", "{8AAD9C8A-DDC1-FDC2-73C7-F7DFBE4000C3}"
EndProject
Project("{FAE04EC0-301F-11D3-BF4B-00C04F79EFBC}") = "Survival Shooter.CSharp.Editor", "Survival Shooter.CSharp.Editor.csproj", "{42DC9540-6BC5-BEFD-3E0D-C25EFAE7C0DE}"
EndProject
Global
	GlobalSection(SolutionConfigurationPlatforms) = preSolution
		Debug|Any CPU = Debug|Any CPU
		Release|Any CPU = Release|Any CPU
	EndGlobalSection
	GlobalSection(ProjectConfigurationPlatforms) = postSolution
		{8AAD9C8A-DDC1-FDC2-73C7-F7DFBE4000C3}.Debug|Any CPU.ActiveCfg = Debug|Any CPU
		{8AAD9C8A-DDC1-FDC2-73C7-F7DFBE4000C3}.Debug|Any CPU.Build.0 = Debug|Any CPU
		{8AAD9C8A-DDC1-FDC2-73C7-F7DFBE4000C3}.Release|Any CPU.ActiveCfg = Release|Any CPU
		{8AAD9C8A-DDC1-FDC2-73C7-F7DFBE4000C3}.Release|Any CPU.Build.0 = Release|Any CPU
		{42DC9540-6BC5-BEFD-3E0D-C25EFAE7C0DE}.Debug|Any CPU.ActiveCfg = Debug|Any CPU
		{42DC9540-6BC5-BEFD-3E0D-C25EFAE7C0DE}.Debug|Any CPU.Build.0 = Debug|Any CPU
		{42DC9540-6BC5-BEFD-3E0D-C25EFAE7C0DE}.Release|Any CPU.ActiveCfg = Release|Any CPU
		{42DC9540-6BC5-BEFD-3E0D-C25EFAE7C0DE}.Release|Any CPU.Build.0 = Release|Any CPU
	EndGlobalSection
	GlobalSection(SolutionProperties) = preSolution
		HideSolutionNode = FALSE
	EndGlobalSection
EndGlobal
